// !$*UTF8*$!
{
	archiveVersion = 1;
	classes = {
	};
	objectVersion = 50;
	objects = {

/* Begin PBXBuildFile section */
		1930C757264EF49F0024EF56 /* FeedViewController.swift in Sources */ = {isa = PBXBuildFile; fileRef = 1930C756264EF49F0024EF56 /* FeedViewController.swift */; };
		1930C759264EF9AB0024EF56 /* PostCell.swift in Sources */ = {isa = PBXBuildFile; fileRef = 1930C758264EF9AB0024EF56 /* PostCell.swift */; };
		1930C75B264EF9BA0024EF56 /* CommentCell.swift in Sources */ = {isa = PBXBuildFile; fileRef = 1930C75A264EF9BA0024EF56 /* CommentCell.swift */; };
		19D742D1263BCA9800EA5D21 /* AppDelegate.swift in Sources */ = {isa = PBXBuildFile; fileRef = 19D742D0263BCA9800EA5D21 /* AppDelegate.swift */; };
		19D742D3263BCA9800EA5D21 /* SceneDelegate.swift in Sources */ = {isa = PBXBuildFile; fileRef = 19D742D2263BCA9800EA5D21 /* SceneDelegate.swift */; };
		19D742D5263BCA9800EA5D21 /* ViewController.swift in Sources */ = {isa = PBXBuildFile; fileRef = 19D742D4263BCA9800EA5D21 /* ViewController.swift */; };
		19D742D8263BCA9800EA5D21 /* Main.storyboard in Resources */ = {isa = PBXBuildFile; fileRef = 19D742D6263BCA9800EA5D21 /* Main.storyboard */; };
		19D742DA263BCA9A00EA5D21 /* Assets.xcassets in Resources */ = {isa = PBXBuildFile; fileRef = 19D742D9263BCA9A00EA5D21 /* Assets.xcassets */; };
		19D742DD263BCA9A00EA5D21 /* LaunchScreen.storyboard in Resources */ = {isa = PBXBuildFile; fileRef = 19D742DB263BCA9A00EA5D21 /* LaunchScreen.storyboard */; };
		19D742E8263BCA9A00EA5D21 /* iTravelTests.swift in Sources */ = {isa = PBXBuildFile; fileRef = 19D742E7263BCA9A00EA5D21 /* iTravelTests.swift */; };
		19D742F3263BCA9A00EA5D21 /* iTravelUITests.swift in Sources */ = {isa = PBXBuildFile; fileRef = 19D742F2263BCA9A00EA5D21 /* iTravelUITests.swift */; };
		19DA4F212644CE37007580FD /* LoginViewController.swift in Sources */ = {isa = PBXBuildFile; fileRef = 19DA4F202644CE37007580FD /* LoginViewController.swift */; };
		19DA4F232644CE49007580FD /* SignUpViewController.swift in Sources */ = {isa = PBXBuildFile; fileRef = 19DA4F222644CE49007580FD /* SignUpViewController.swift */; };
		2DDC59B5DFCFB2629DDC1B0A /* Pods_iTravelTests.framework in Frameworks */ = {isa = PBXBuildFile; fileRef = 54810BABE90DC763464C992F /* Pods_iTravelTests.framework */; };
		5068E1FD000273D3BBC58A56 /* Pods_iTravel.framework in Frameworks */ = {isa = PBXBuildFile; fileRef = DE1F56799D851685516714E0 /* Pods_iTravel.framework */; };
		AE762A9553D66707DF516705 /* Pods_iTravelUITests.framework in Frameworks */ = {isa = PBXBuildFile; fileRef = ECA72ED1E01CC652AD31D893 /* Pods_iTravelUITests.framework */; };
/* End PBXBuildFile section */

/* Begin PBXContainerItemProxy section */
		19D742E4263BCA9A00EA5D21 /* PBXContainerItemProxy */ = {
			isa = PBXContainerItemProxy;
			containerPortal = 19D742C5263BCA9800EA5D21 /* Project object */;
			proxyType = 1;
			remoteGlobalIDString = 19D742CC263BCA9800EA5D21;
			remoteInfo = iTravel;
		};
		19D742EF263BCA9A00EA5D21 /* PBXContainerItemProxy */ = {
			isa = PBXContainerItemProxy;
			containerPortal = 19D742C5263BCA9800EA5D21 /* Project object */;
			proxyType = 1;
			remoteGlobalIDString = 19D742CC263BCA9800EA5D21;
			remoteInfo = iTravel;
		};
/* End PBXContainerItemProxy section */

/* Begin PBXFileReference section */
		076B238423E290A7883464C3 /* Pods-iTravelUITests.debug.xcconfig */ = {isa = PBXFileReference; includeInIndex = 1; lastKnownFileType = text.xcconfig; name = "Pods-iTravelUITests.debug.xcconfig"; path = "Pods/Target Support Files/Pods-iTravelUITests/Pods-iTravelUITests.debug.xcconfig"; sourceTree = "<group>"; };
		1930C756264EF49F0024EF56 /* FeedViewController.swift */ = {isa = PBXFileReference; lastKnownFileType = sourcecode.swift; path = FeedViewController.swift; sourceTree = "<group>"; };
		1930C758264EF9AB0024EF56 /* PostCell.swift */ = {isa = PBXFileReference; lastKnownFileType = sourcecode.swift; path = PostCell.swift; sourceTree = "<group>"; };
		1930C75A264EF9BA0024EF56 /* CommentCell.swift */ = {isa = PBXFileReference; lastKnownFileType = sourcecode.swift; path = CommentCell.swift; sourceTree = "<group>"; };
		19D742CD263BCA9800EA5D21 /* iTravel.app */ = {isa = PBXFileReference; explicitFileType = wrapper.application; includeInIndex = 0; path = iTravel.app; sourceTree = BUILT_PRODUCTS_DIR; };
		19D742D0263BCA9800EA5D21 /* AppDelegate.swift */ = {isa = PBXFileReference; lastKnownFileType = sourcecode.swift; path = AppDelegate.swift; sourceTree = "<group>"; };
		19D742D2263BCA9800EA5D21 /* SceneDelegate.swift */ = {isa = PBXFileReference; lastKnownFileType = sourcecode.swift; path = SceneDelegate.swift; sourceTree = "<group>"; };
		19D742D4263BCA9800EA5D21 /* ViewController.swift */ = {isa = PBXFileReference; lastKnownFileType = sourcecode.swift; path = ViewController.swift; sourceTree = "<group>"; };
		19D742D7263BCA9800EA5D21 /* Base */ = {isa = PBXFileReference; lastKnownFileType = file.storyboard; name = Base; path = Base.lproj/Main.storyboard; sourceTree = "<group>"; };
		19D742D9263BCA9A00EA5D21 /* Assets.xcassets */ = {isa = PBXFileReference; lastKnownFileType = folder.assetcatalog; path = Assets.xcassets; sourceTree = "<group>"; };
		19D742DC263BCA9A00EA5D21 /* Base */ = {isa = PBXFileReference; lastKnownFileType = file.storyboard; name = Base; path = Base.lproj/LaunchScreen.storyboard; sourceTree = "<group>"; };
		19D742DE263BCA9A00EA5D21 /* Info.plist */ = {isa = PBXFileReference; lastKnownFileType = text.plist.xml; path = Info.plist; sourceTree = "<group>"; };
		19D742E3263BCA9A00EA5D21 /* iTravelTests.xctest */ = {isa = PBXFileReference; explicitFileType = wrapper.cfbundle; includeInIndex = 0; path = iTravelTests.xctest; sourceTree = BUILT_PRODUCTS_DIR; };
		19D742E7263BCA9A00EA5D21 /* iTravelTests.swift */ = {isa = PBXFileReference; lastKnownFileType = sourcecode.swift; path = iTravelTests.swift; sourceTree = "<group>"; };
		19D742E9263BCA9A00EA5D21 /* Info.plist */ = {isa = PBXFileReference; lastKnownFileType = text.plist.xml; path = Info.plist; sourceTree = "<group>"; };
		19D742EE263BCA9A00EA5D21 /* iTravelUITests.xctest */ = {isa = PBXFileReference; explicitFileType = wrapper.cfbundle; includeInIndex = 0; path = iTravelUITests.xctest; sourceTree = BUILT_PRODUCTS_DIR; };
		19D742F2263BCA9A00EA5D21 /* iTravelUITests.swift */ = {isa = PBXFileReference; lastKnownFileType = sourcecode.swift; path = iTravelUITests.swift; sourceTree = "<group>"; };
		19D742F4263BCA9A00EA5D21 /* Info.plist */ = {isa = PBXFileReference; lastKnownFileType = text.plist.xml; path = Info.plist; sourceTree = "<group>"; };
		19DA4F202644CE37007580FD /* LoginViewController.swift */ = {isa = PBXFileReference; lastKnownFileType = sourcecode.swift; path = LoginViewController.swift; sourceTree = "<group>"; };
		19DA4F222644CE49007580FD /* SignUpViewController.swift */ = {isa = PBXFileReference; lastKnownFileType = sourcecode.swift; path = SignUpViewController.swift; sourceTree = "<group>"; };
		295382C9A707917ECEC14E4D /* Pods-iTravel.release.xcconfig */ = {isa = PBXFileReference; includeInIndex = 1; lastKnownFileType = text.xcconfig; name = "Pods-iTravel.release.xcconfig"; path = "Pods/Target Support Files/Pods-iTravel/Pods-iTravel.release.xcconfig"; sourceTree = "<group>"; };
		4527FF27224F9BB0C96AAC70 /* Pods-iTravelTests.release.xcconfig */ = {isa = PBXFileReference; includeInIndex = 1; lastKnownFileType = text.xcconfig; name = "Pods-iTravelTests.release.xcconfig"; path = "Pods/Target Support Files/Pods-iTravelTests/Pods-iTravelTests.release.xcconfig"; sourceTree = "<group>"; };
		54810BABE90DC763464C992F /* Pods_iTravelTests.framework */ = {isa = PBXFileReference; explicitFileType = wrapper.framework; includeInIndex = 0; path = Pods_iTravelTests.framework; sourceTree = BUILT_PRODUCTS_DIR; };
		649012447B0D0A146442214E /* Pods-iTravelUITests.release.xcconfig */ = {isa = PBXFileReference; includeInIndex = 1; lastKnownFileType = text.xcconfig; name = "Pods-iTravelUITests.release.xcconfig"; path = "Pods/Target Support Files/Pods-iTravelUITests/Pods-iTravelUITests.release.xcconfig"; sourceTree = "<group>"; };
		A1DDF8E0A52AFE54C88EB3C4 /* Pods-iTravelTests.debug.xcconfig */ = {isa = PBXFileReference; includeInIndex = 1; lastKnownFileType = text.xcconfig; name = "Pods-iTravelTests.debug.xcconfig"; path = "Pods/Target Support Files/Pods-iTravelTests/Pods-iTravelTests.debug.xcconfig"; sourceTree = "<group>"; };
		D5B233F86241068EA1DD06D3 /* Pods-iTravel.debug.xcconfig */ = {isa = PBXFileReference; includeInIndex = 1; lastKnownFileType = text.xcconfig; name = "Pods-iTravel.debug.xcconfig"; path = "Pods/Target Support Files/Pods-iTravel/Pods-iTravel.debug.xcconfig"; sourceTree = "<group>"; };
		DE1F56799D851685516714E0 /* Pods_iTravel.framework */ = {isa = PBXFileReference; explicitFileType = wrapper.framework; includeInIndex = 0; path = Pods_iTravel.framework; sourceTree = BUILT_PRODUCTS_DIR; };
		ECA72ED1E01CC652AD31D893 /* Pods_iTravelUITests.framework */ = {isa = PBXFileReference; explicitFileType = wrapper.framework; includeInIndex = 0; path = Pods_iTravelUITests.framework; sourceTree = BUILT_PRODUCTS_DIR; };
/* End PBXFileReference section */

/* Begin PBXFrameworksBuildPhase section */
		19D742CA263BCA9800EA5D21 /* Frameworks */ = {
			isa = PBXFrameworksBuildPhase;
			buildActionMask = 2147483647;
			files = (
				5068E1FD000273D3BBC58A56 /* Pods_iTravel.framework in Frameworks */,
			);
			runOnlyForDeploymentPostprocessing = 0;
		};
		19D742E0263BCA9A00EA5D21 /* Frameworks */ = {
			isa = PBXFrameworksBuildPhase;
			buildActionMask = 2147483647;
			files = (
				2DDC59B5DFCFB2629DDC1B0A /* Pods_iTravelTests.framework in Frameworks */,
			);
			runOnlyForDeploymentPostprocessing = 0;
		};
		19D742EB263BCA9A00EA5D21 /* Frameworks */ = {
			isa = PBXFrameworksBuildPhase;
			buildActionMask = 2147483647;
			files = (
				AE762A9553D66707DF516705 /* Pods_iTravelUITests.framework in Frameworks */,
			);
			runOnlyForDeploymentPostprocessing = 0;
		};
/* End PBXFrameworksBuildPhase section */

/* Begin PBXGroup section */
		19D742C4263BCA9800EA5D21 = {
			isa = PBXGroup;
			children = (
				19D742CF263BCA9800EA5D21 /* iTravel */,
				19D742E6263BCA9A00EA5D21 /* iTravelTests */,
				19D742F1263BCA9A00EA5D21 /* iTravelUITests */,
				19D742CE263BCA9800EA5D21 /* Products */,
				5FAEF4C112B70A50F1D4E352 /* Pods */,
				3048A9DA952D60F8AE7D3EB9 /* Frameworks */,
			);
			sourceTree = "<group>";
		};
		19D742CE263BCA9800EA5D21 /* Products */ = {
			isa = PBXGroup;
			children = (
				19D742CD263BCA9800EA5D21 /* iTravel.app */,
				19D742E3263BCA9A00EA5D21 /* iTravelTests.xctest */,
				19D742EE263BCA9A00EA5D21 /* iTravelUITests.xctest */,
			);
			name = Products;
			sourceTree = "<group>";
		};
		19D742CF263BCA9800EA5D21 /* iTravel */ = {
			isa = PBXGroup;
			children = (
				19D742DB263BCA9A00EA5D21 /* LaunchScreen.storyboard */,
				19D742D0263BCA9800EA5D21 /* AppDelegate.swift */,
				19D742D2263BCA9800EA5D21 /* SceneDelegate.swift */,
				19D742D4263BCA9800EA5D21 /* ViewController.swift */,
				19D742D6263BCA9800EA5D21 /* Main.storyboard */,
				19D742D9263BCA9A00EA5D21 /* Assets.xcassets */,
				19D742DE263BCA9A00EA5D21 /* Info.plist */,
				19DA4F202644CE37007580FD /* LoginViewController.swift */,
				19DA4F222644CE49007580FD /* SignUpViewController.swift */,
				1930C756264EF49F0024EF56 /* FeedViewController.swift */,
				1930C758264EF9AB0024EF56 /* PostCell.swift */,
				1930C75A264EF9BA0024EF56 /* CommentCell.swift */,
			);
			path = iTravel;
			sourceTree = "<group>";
		};
		19D742E6263BCA9A00EA5D21 /* iTravelTests */ = {
			isa = PBXGroup;
			children = (
				19D742E7263BCA9A00EA5D21 /* iTravelTests.swift */,
				19D742E9263BCA9A00EA5D21 /* Info.plist */,
			);
			path = iTravelTests;
			sourceTree = "<group>";
		};
		19D742F1263BCA9A00EA5D21 /* iTravelUITests */ = {
			isa = PBXGroup;
			children = (
				19D742F2263BCA9A00EA5D21 /* iTravelUITests.swift */,
				19D742F4263BCA9A00EA5D21 /* Info.plist */,
			);
			path = iTravelUITests;
			sourceTree = "<group>";
		};
		3048A9DA952D60F8AE7D3EB9 /* Frameworks */ = {
			isa = PBXGroup;
			children = (
				DE1F56799D851685516714E0 /* Pods_iTravel.framework */,
				54810BABE90DC763464C992F /* Pods_iTravelTests.framework */,
				ECA72ED1E01CC652AD31D893 /* Pods_iTravelUITests.framework */,
			);
			name = Frameworks;
			sourceTree = "<group>";
		};
		5FAEF4C112B70A50F1D4E352 /* Pods */ = {
			isa = PBXGroup;
			children = (
				D5B233F86241068EA1DD06D3 /* Pods-iTravel.debug.xcconfig */,
				295382C9A707917ECEC14E4D /* Pods-iTravel.release.xcconfig */,
				A1DDF8E0A52AFE54C88EB3C4 /* Pods-iTravelTests.debug.xcconfig */,
				4527FF27224F9BB0C96AAC70 /* Pods-iTravelTests.release.xcconfig */,
				076B238423E290A7883464C3 /* Pods-iTravelUITests.debug.xcconfig */,
				649012447B0D0A146442214E /* Pods-iTravelUITests.release.xcconfig */,
			);
			name = Pods;
			sourceTree = "<group>";
		};
/* End PBXGroup section */

/* Begin PBXNativeTarget section */
		19D742CC263BCA9800EA5D21 /* iTravel */ = {
			isa = PBXNativeTarget;
			buildConfigurationList = 19D742F7263BCA9A00EA5D21 /* Build configuration list for PBXNativeTarget "iTravel" */;
			buildPhases = (
				681D5D7DFA56B0889E0B93AE /* [CP] Check Pods Manifest.lock */,
				19D742C9263BCA9800EA5D21 /* Sources */,
				19D742CA263BCA9800EA5D21 /* Frameworks */,
				19D742CB263BCA9800EA5D21 /* Resources */,
				6A46C7820B42D32804FEF63B /* [CP] Embed Pods Frameworks */,
				4F1C6EF6AC651046A68BA3E3 /* [CP] Copy Pods Resources */,
			);
			buildRules = (
			);
			dependencies = (
			);
			name = iTravel;
			productName = iTravel;
			productReference = 19D742CD263BCA9800EA5D21 /* iTravel.app */;
			productType = "com.apple.product-type.application";
		};
		19D742E2263BCA9A00EA5D21 /* iTravelTests */ = {
			isa = PBXNativeTarget;
			buildConfigurationList = 19D742FA263BCA9A00EA5D21 /* Build configuration list for PBXNativeTarget "iTravelTests" */;
			buildPhases = (
				1104D07748BFA8E783DA3DB8 /* [CP] Check Pods Manifest.lock */,
				19D742DF263BCA9A00EA5D21 /* Sources */,
				19D742E0263BCA9A00EA5D21 /* Frameworks */,
				19D742E1263BCA9A00EA5D21 /* Resources */,
				5F6C6C3DE6CFFE12425FFF01 /* [CP] Embed Pods Frameworks */,
				D5E0B053B3533A6F3615860C /* [CP] Copy Pods Resources */,
			);
			buildRules = (
			);
			dependencies = (
				19D742E5263BCA9A00EA5D21 /* PBXTargetDependency */,
			);
			name = iTravelTests;
			productName = iTravelTests;
			productReference = 19D742E3263BCA9A00EA5D21 /* iTravelTests.xctest */;
			productType = "com.apple.product-type.bundle.unit-test";
		};
		19D742ED263BCA9A00EA5D21 /* iTravelUITests */ = {
			isa = PBXNativeTarget;
			buildConfigurationList = 19D742FD263BCA9A00EA5D21 /* Build configuration list for PBXNativeTarget "iTravelUITests" */;
			buildPhases = (
				D6773B9EEBE5C6C2CDE91752 /* [CP] Check Pods Manifest.lock */,
				19D742EA263BCA9A00EA5D21 /* Sources */,
				19D742EB263BCA9A00EA5D21 /* Frameworks */,
				19D742EC263BCA9A00EA5D21 /* Resources */,
				F95704C00AF1C18D0D40BCB9 /* [CP] Embed Pods Frameworks */,
				C0AC1BCD5970AF320E0D0192 /* [CP] Copy Pods Resources */,
			);
			buildRules = (
			);
			dependencies = (
				19D742F0263BCA9A00EA5D21 /* PBXTargetDependency */,
			);
			name = iTravelUITests;
			productName = iTravelUITests;
			productReference = 19D742EE263BCA9A00EA5D21 /* iTravelUITests.xctest */;
			productType = "com.apple.product-type.bundle.ui-testing";
		};
/* End PBXNativeTarget section */

/* Begin PBXProject section */
		19D742C5263BCA9800EA5D21 /* Project object */ = {
			isa = PBXProject;
			attributes = {
				LastSwiftUpdateCheck = 1130;
				LastUpgradeCheck = 1130;
				ORGANIZATIONNAME = "shijiah2012@gmail.com";
				TargetAttributes = {
					19D742CC263BCA9800EA5D21 = {
						CreatedOnToolsVersion = 11.3.1;
					};
					19D742E2263BCA9A00EA5D21 = {
						CreatedOnToolsVersion = 11.3.1;
						TestTargetID = 19D742CC263BCA9800EA5D21;
					};
					19D742ED263BCA9A00EA5D21 = {
						CreatedOnToolsVersion = 11.3.1;
						TestTargetID = 19D742CC263BCA9800EA5D21;
					};
				};
			};
			buildConfigurationList = 19D742C8263BCA9800EA5D21 /* Build configuration list for PBXProject "iTravel" */;
			compatibilityVersion = "Xcode 9.3";
			developmentRegion = en;
			hasScannedForEncodings = 0;
			knownRegions = (
				en,
				Base,
			);
			mainGroup = 19D742C4263BCA9800EA5D21;
			productRefGroup = 19D742CE263BCA9800EA5D21 /* Products */;
			projectDirPath = "";
			projectRoot = "";
			targets = (
				19D742CC263BCA9800EA5D21 /* iTravel */,
				19D742E2263BCA9A00EA5D21 /* iTravelTests */,
				19D742ED263BCA9A00EA5D21 /* iTravelUITests */,
			);
		};
/* End PBXProject section */

/* Begin PBXResourcesBuildPhase section */
		19D742CB263BCA9800EA5D21 /* Resources */ = {
			isa = PBXResourcesBuildPhase;
			buildActionMask = 2147483647;
			files = (
				19D742DD263BCA9A00EA5D21 /* LaunchScreen.storyboard in Resources */,
				19D742DA263BCA9A00EA5D21 /* Assets.xcassets in Resources */,
				19D742D8263BCA9800EA5D21 /* Main.storyboard in Resources */,
			);
			runOnlyForDeploymentPostprocessing = 0;
		};
		19D742E1263BCA9A00EA5D21 /* Resources */ = {
			isa = PBXResourcesBuildPhase;
			buildActionMask = 2147483647;
			files = (
			);
			runOnlyForDeploymentPostprocessing = 0;
		};
		19D742EC263BCA9A00EA5D21 /* Resources */ = {
			isa = PBXResourcesBuildPhase;
			buildActionMask = 2147483647;
			files = (
			);
			runOnlyForDeploymentPostprocessing = 0;
		};
/* End PBXResourcesBuildPhase section */

/* Begin PBXShellScriptBuildPhase section */
		1104D07748BFA8E783DA3DB8 /* [CP] Check Pods Manifest.lock */ = {
			isa = PBXShellScriptBuildPhase;
			buildActionMask = 2147483647;
			files = (
			);
			inputFileListPaths = (
			);
			inputPaths = (
			);
			name = "[CP] Check Pods Manifest.lock";
			outputFileListPaths = (
			);
			outputPaths = (
			);
			runOnlyForDeploymentPostprocessing = 0;
			shellPath = /bin/sh;
			shellScript = "diff \"${PODS_ROOT}/../Podfile.lock\" \"${PODS_ROOT}/Manifest.lock\" > /dev/null\nif [ $? != 0 ] ; then\n    # print error to STDERR\n    echo \"error: The sandbox is not in sync with the Podfile.lock. Run 'pod install' or update your CocoaPods installation.\" >&2\n    exit 1\nfi\n";
			showEnvVarsInLog = 0;
		};
		4F1C6EF6AC651046A68BA3E3 /* [CP] Copy Pods Resources */ = {
			isa = PBXShellScriptBuildPhase;
			buildActionMask = 2147483647;
			files = (
			);
			inputFileListPaths = (
			);
			inputPaths = (
			);
			name = "[CP] Copy Pods Resources";
			outputFileListPaths = (
			);
			outputPaths = (
			);
			runOnlyForDeploymentPostprocessing = 0;
			shellPath = /bin/sh;
			shellScript = "\"${SRCROOT}/Pods/Target Support Files/Pods-iTravel/Pods-iTravel-resources.sh\"\n";
			showEnvVarsInLog = 0;
		};
		5F6C6C3DE6CFFE12425FFF01 /* [CP] Embed Pods Frameworks */ = {
			isa = PBXShellScriptBuildPhase;
			buildActionMask = 2147483647;
			files = (
			);
			inputFileListPaths = (
			);
			inputPaths = (
			);
			name = "[CP] Embed Pods Frameworks";
			outputFileListPaths = (
			);
			outputPaths = (
			);
			runOnlyForDeploymentPostprocessing = 0;
			shellPath = /bin/sh;
			shellScript = "\"${SRCROOT}/Pods/Target Support Files/Pods-iTravelTests/Pods-iTravelTests-frameworks.sh\"\n";
			showEnvVarsInLog = 0;
		};
		681D5D7DFA56B0889E0B93AE /* [CP] Check Pods Manifest.lock */ = {
			isa = PBXShellScriptBuildPhase;
			buildActionMask = 2147483647;
			files = (
			);
			inputFileListPaths = (
			);
			inputPaths = (
			);
			name = "[CP] Check Pods Manifest.lock";
			outputFileListPaths = (
			);
			outputPaths = (
			);
			runOnlyForDeploymentPostprocessing = 0;
			shellPath = /bin/sh;
			shellScript = "diff \"${PODS_ROOT}/../Podfile.lock\" \"${PODS_ROOT}/Manifest.lock\" > /dev/null\nif [ $? != 0 ] ; then\n    # print error to STDERR\n    echo \"error: The sandbox is not in sync with the Podfile.lock. Run 'pod install' or update your CocoaPods installation.\" >&2\n    exit 1\nfi\n";
			showEnvVarsInLog = 0;
		};
		6A46C7820B42D32804FEF63B /* [CP] Embed Pods Frameworks */ = {
			isa = PBXShellScriptBuildPhase;
			buildActionMask = 2147483647;
			files = (
			);
			inputFileListPaths = (
			);
			inputPaths = (
			);
			name = "[CP] Embed Pods Frameworks";
			outputFileListPaths = (
			);
			outputPaths = (
			);
			runOnlyForDeploymentPostprocessing = 0;
			shellPath = /bin/sh;
			shellScript = "\"${SRCROOT}/Pods/Target Support Files/Pods-iTravel/Pods-iTravel-frameworks.sh\"\n";
			showEnvVarsInLog = 0;
		};
		C0AC1BCD5970AF320E0D0192 /* [CP] Copy Pods Resources */ = {
			isa = PBXShellScriptBuildPhase;
			buildActionMask = 2147483647;
			files = (
			);
			inputFileListPaths = (
			);
			inputPaths = (
			);
			name = "[CP] Copy Pods Resources";
			outputFileListPaths = (
			);
			outputPaths = (
			);
			runOnlyForDeploymentPostprocessing = 0;
			shellPath = /bin/sh;
			shellScript = "\"${SRCROOT}/Pods/Target Support Files/Pods-iTravelUITests/Pods-iTravelUITests-resources.sh\"\n";
			showEnvVarsInLog = 0;
		};
		D5E0B053B3533A6F3615860C /* [CP] Copy Pods Resources */ = {
			isa = PBXShellScriptBuildPhase;
			buildActionMask = 2147483647;
			files = (
			);
			inputFileListPaths = (
			);
			inputPaths = (
			);
			name = "[CP] Copy Pods Resources";
			outputFileListPaths = (
			);
			outputPaths = (
			);
			runOnlyForDeploymentPostprocessing = 0;
			shellPath = /bin/sh;
			shellScript = "\"${SRCROOT}/Pods/Target Support Files/Pods-iTravelTests/Pods-iTravelTests-resources.sh\"\n";
			showEnvVarsInLog = 0;
		};
		D6773B9EEBE5C6C2CDE91752 /* [CP] Check Pods Manifest.lock */ = {
			isa = PBXShellScriptBuildPhase;
			buildActionMask = 2147483647;
			files = (
			);
			inputFileListPaths = (
			);
			inputPaths = (
			);
			name = "[CP] Check Pods Manifest.lock";
			outputFileListPaths = (
			);
			outputPaths = (
			);
			runOnlyForDeploymentPostprocessing = 0;
			shellPath = /bin/sh;
			shellScript = "diff \"${PODS_ROOT}/../Podfile.lock\" \"${PODS_ROOT}/Manifest.lock\" > /dev/null\nif [ $? != 0 ] ; then\n    # print error to STDERR\n    echo \"error: The sandbox is not in sync with the Podfile.lock. Run 'pod install' or update your CocoaPods installation.\" >&2\n    exit 1\nfi\n";
			showEnvVarsInLog = 0;
		};
		F95704C00AF1C18D0D40BCB9 /* [CP] Embed Pods Frameworks */ = {
			isa = PBXShellScriptBuildPhase;
			buildActionMask = 2147483647;
			files = (
			);
			inputFileListPaths = (
			);
			inputPaths = (
			);
			name = "[CP] Embed Pods Frameworks";
			outputFileListPaths = (
			);
			outputPaths = (
			);
			runOnlyForDeploymentPostprocessing = 0;
			shellPath = /bin/sh;
			shellScript = "\"${SRCROOT}/Pods/Target Support Files/Pods-iTravelUITests/Pods-iTravelUITests-frameworks.sh\"\n";
			showEnvVarsInLog = 0;
		};
/* End PBXShellScriptBuildPhase section */

/* Begin PBXSourcesBuildPhase section */
		19D742C9263BCA9800EA5D21 /* Sources */ = {
			isa = PBXSourcesBuildPhase;
			buildActionMask = 2147483647;
			files = (
				1930C759264EF9AB0024EF56 /* PostCell.swift in Sources */,
				19DA4F212644CE37007580FD /* LoginViewController.swift in Sources */,
				19D742D5263BCA9800EA5D21 /* ViewController.swift in Sources */,
				19D742D1263BCA9800EA5D21 /* AppDelegate.swift in Sources */,
				19D742D3263BCA9800EA5D21 /* SceneDelegate.swift in Sources */,
				1930C757264EF49F0024EF56 /* FeedViewController.swift in Sources */,
				19DA4F232644CE49007580FD /* SignUpViewController.swift in Sources */,
				1930C75B264EF9BA0024EF56 /* CommentCell.swift in Sources */,
			);
			runOnlyForDeploymentPostprocessing = 0;
		};
		19D742DF263BCA9A00EA5D21 /* Sources */ = {
			isa = PBXSourcesBuildPhase;
			buildActionMask = 2147483647;
			files = (
				19D742E8263BCA9A00EA5D21 /* iTravelTests.swift in Sources */,
			);
			runOnlyForDeploymentPostprocessing = 0;
		};
		19D742EA263BCA9A00EA5D21 /* Sources */ = {
			isa = PBXSourcesBuildPhase;
			buildActionMask = 2147483647;
			files = (
				19D742F3263BCA9A00EA5D21 /* iTravelUITests.swift in Sources */,
			);
			runOnlyForDeploymentPostprocessing = 0;
		};
/* End PBXSourcesBuildPhase section */

/* Begin PBXTargetDependency section */
		19D742E5263BCA9A00EA5D21 /* PBXTargetDependency */ = {
			isa = PBXTargetDependency;
			target = 19D742CC263BCA9800EA5D21 /* iTravel */;
			targetProxy = 19D742E4263BCA9A00EA5D21 /* PBXContainerItemProxy */;
		};
		19D742F0263BCA9A00EA5D21 /* PBXTargetDependency */ = {
			isa = PBXTargetDependency;
			target = 19D742CC263BCA9800EA5D21 /* iTravel */;
			targetProxy = 19D742EF263BCA9A00EA5D21 /* PBXContainerItemProxy */;
		};
/* End PBXTargetDependency section */

/* Begin PBXVariantGroup section */
		19D742D6263BCA9800EA5D21 /* Main.storyboard */ = {
			isa = PBXVariantGroup;
			children = (
				19D742D7263BCA9800EA5D21 /* Base */,
			);
			name = Main.storyboard;
			sourceTree = "<group>";
		};
		19D742DB263BCA9A00EA5D21 /* LaunchScreen.storyboard */ = {
			isa = PBXVariantGroup;
			children = (
				19D742DC263BCA9A00EA5D21 /* Base */,
			);
			name = LaunchScreen.storyboard;
			sourceTree = "<group>";
		};
/* End PBXVariantGroup section */

/* Begin XCBuildConfiguration section */
		19D742F5263BCA9A00EA5D21 /* Debug */ = {
			isa = XCBuildConfiguration;
			buildSettings = {
				ALWAYS_SEARCH_USER_PATHS = NO;
				CLANG_ANALYZER_NONNULL = YES;
				CLANG_ANALYZER_NUMBER_OBJECT_CONVERSION = YES_AGGRESSIVE;
				CLANG_CXX_LANGUAGE_STANDARD = "gnu++14";
				CLANG_CXX_LIBRARY = "libc++";
				CLANG_ENABLE_MODULES = YES;
				CLANG_ENABLE_OBJC_ARC = YES;
				CLANG_ENABLE_OBJC_WEAK = YES;
				CLANG_WARN_BLOCK_CAPTURE_AUTORELEASING = YES;
				CLANG_WARN_BOOL_CONVERSION = YES;
				CLANG_WARN_COMMA = YES;
				CLANG_WARN_CONSTANT_CONVERSION = YES;
				CLANG_WARN_DEPRECATED_OBJC_IMPLEMENTATIONS = YES;
				CLANG_WARN_DIRECT_OBJC_ISA_USAGE = YES_ERROR;
				CLANG_WARN_DOCUMENTATION_COMMENTS = YES;
				CLANG_WARN_EMPTY_BODY = YES;
				CLANG_WARN_ENUM_CONVERSION = YES;
				CLANG_WARN_INFINITE_RECURSION = YES;
				CLANG_WARN_INT_CONVERSION = YES;
				CLANG_WARN_NON_LITERAL_NULL_CONVERSION = YES;
				CLANG_WARN_OBJC_IMPLICIT_RETAIN_SELF = YES;
				CLANG_WARN_OBJC_LITERAL_CONVERSION = YES;
				CLANG_WARN_OBJC_ROOT_CLASS = YES_ERROR;
				CLANG_WARN_RANGE_LOOP_ANALYSIS = YES;
				CLANG_WARN_STRICT_PROTOTYPES = YES;
				CLANG_WARN_SUSPICIOUS_MOVE = YES;
				CLANG_WARN_UNGUARDED_AVAILABILITY = YES_AGGRESSIVE;
				CLANG_WARN_UNREACHABLE_CODE = YES;
				CLANG_WARN__DUPLICATE_METHOD_MATCH = YES;
				COPY_PHASE_STRIP = NO;
				DEBUG_INFORMATION_FORMAT = dwarf;
				ENABLE_STRICT_OBJC_MSGSEND = YES;
				ENABLE_TESTABILITY = YES;
				GCC_C_LANGUAGE_STANDARD = gnu11;
				GCC_DYNAMIC_NO_PIC = NO;
				GCC_NO_COMMON_BLOCKS = YES;
				GCC_OPTIMIZATION_LEVEL = 0;
				GCC_PREPROCESSOR_DEFINITIONS = (
					"DEBUG=1",
					"$(inherited)",
				);
				GCC_WARN_64_TO_32_BIT_CONVERSION = YES;
				GCC_WARN_ABOUT_RETURN_TYPE = YES_ERROR;
				GCC_WARN_UNDECLARED_SELECTOR = YES;
				GCC_WARN_UNINITIALIZED_AUTOS = YES_AGGRESSIVE;
				GCC_WARN_UNUSED_FUNCTION = YES;
				GCC_WARN_UNUSED_VARIABLE = YES;
				IPHONEOS_DEPLOYMENT_TARGET = 13.2;
				MTL_ENABLE_DEBUG_INFO = INCLUDE_SOURCE;
				MTL_FAST_MATH = YES;
				ONLY_ACTIVE_ARCH = YES;
				SDKROOT = iphoneos;
				SWIFT_ACTIVE_COMPILATION_CONDITIONS = DEBUG;
				SWIFT_OPTIMIZATION_LEVEL = "-Onone";
			};
			name = Debug;
		};
		19D742F6263BCA9A00EA5D21 /* Release */ = {
			isa = XCBuildConfiguration;
			buildSettings = {
				ALWAYS_SEARCH_USER_PATHS = NO;
				CLANG_ANALYZER_NONNULL = YES;
				CLANG_ANALYZER_NUMBER_OBJECT_CONVERSION = YES_AGGRESSIVE;
				CLANG_CXX_LANGUAGE_STANDARD = "gnu++14";
				CLANG_CXX_LIBRARY = "libc++";
				CLANG_ENABLE_MODULES = YES;
				CLANG_ENABLE_OBJC_ARC = YES;
				CLANG_ENABLE_OBJC_WEAK = YES;
				CLANG_WARN_BLOCK_CAPTURE_AUTORELEASING = YES;
				CLANG_WARN_BOOL_CONVERSION = YES;
				CLANG_WARN_COMMA = YES;
				CLANG_WARN_CONSTANT_CONVERSION = YES;
				CLANG_WARN_DEPRECATED_OBJC_IMPLEMENTATIONS = YES;
				CLANG_WARN_DIRECT_OBJC_ISA_USAGE = YES_ERROR;
				CLANG_WARN_DOCUMENTATION_COMMENTS = YES;
				CLANG_WARN_EMPTY_BODY = YES;
				CLANG_WARN_ENUM_CONVERSION = YES;
				CLANG_WARN_INFINITE_RECURSION = YES;
				CLANG_WARN_INT_CONVERSION = YES;
				CLANG_WARN_NON_LITERAL_NULL_CONVERSION = YES;
				CLANG_WARN_OBJC_IMPLICIT_RETAIN_SELF = YES;
				CLANG_WARN_OBJC_LITERAL_CONVERSION = YES;
				CLANG_WARN_OBJC_ROOT_CLASS = YES_ERROR;
				CLANG_WARN_RANGE_LOOP_ANALYSIS = YES;
				CLANG_WARN_STRICT_PROTOTYPES = YES;
				CLANG_WARN_SUSPICIOUS_MOVE = YES;
				CLANG_WARN_UNGUARDED_AVAILABILITY = YES_AGGRESSIVE;
				CLANG_WARN_UNREACHABLE_CODE = YES;
				CLANG_WARN__DUPLICATE_METHOD_MATCH = YES;
				COPY_PHASE_STRIP = NO;
				DEBUG_INFORMATION_FORMAT = "dwarf-with-dsym";
				ENABLE_NS_ASSERTIONS = NO;
				ENABLE_STRICT_OBJC_MSGSEND = YES;
				GCC_C_LANGUAGE_STANDARD = gnu11;
				GCC_NO_COMMON_BLOCKS = YES;
				GCC_WARN_64_TO_32_BIT_CONVERSION = YES;
				GCC_WARN_ABOUT_RETURN_TYPE = YES_ERROR;
				GCC_WARN_UNDECLARED_SELECTOR = YES;
				GCC_WARN_UNINITIALIZED_AUTOS = YES_AGGRESSIVE;
				GCC_WARN_UNUSED_FUNCTION = YES;
				GCC_WARN_UNUSED_VARIABLE = YES;
				IPHONEOS_DEPLOYMENT_TARGET = 13.2;
				MTL_ENABLE_DEBUG_INFO = NO;
				MTL_FAST_MATH = YES;
				SDKROOT = iphoneos;
				SWIFT_COMPILATION_MODE = wholemodule;
				SWIFT_OPTIMIZATION_LEVEL = "-O";
				VALIDATE_PRODUCT = YES;
			};
			name = Release;
		};
		19D742F8263BCA9A00EA5D21 /* Debug */ = {
			isa = XCBuildConfiguration;
			baseConfigurationReference = D5B233F86241068EA1DD06D3 /* Pods-iTravel.debug.xcconfig */;
			buildSettings = {
				ASSETCATALOG_COMPILER_APPICON_NAME = AppIcon;
				CODE_SIGN_STYLE = Automatic;
				DEVELOPMENT_TEAM = UQ4Q6JWV2B;
				INFOPLIST_FILE = iTravel/Info.plist;
				LD_RUNPATH_SEARCH_PATHS = (
					"$(inherited)",
					"@executable_path/Frameworks",
				);
				PRODUCT_BUNDLE_IDENTIFIER = memo.com.iTravel;
				PRODUCT_NAME = "$(TARGET_NAME)";
				SWIFT_VERSION = 5.0;
				TARGETED_DEVICE_FAMILY = "1,2";
			};
			name = Debug;
		};
		19D742F9263BCA9A00EA5D21 /* Release */ = {
			isa = XCBuildConfiguration;
			baseConfigurationReference = 295382C9A707917ECEC14E4D /* Pods-iTravel.release.xcconfig */;
			buildSettings = {
				ASSETCATALOG_COMPILER_APPICON_NAME = AppIcon;
				CODE_SIGN_STYLE = Automatic;
				DEVELOPMENT_TEAM = UQ4Q6JWV2B;
				INFOPLIST_FILE = iTravel/Info.plist;
				LD_RUNPATH_SEARCH_PATHS = (
					"$(inherited)",
					"@executable_path/Frameworks",
				);
				PRODUCT_BUNDLE_IDENTIFIER = memo.com.iTravel;
				PRODUCT_NAME = "$(TARGET_NAME)";
				SWIFT_VERSION = 5.0;
				TARGETED_DEVICE_FAMILY = "1,2";
			};
			name = Release;
		};
		19D742FB263BCA9A00EA5D21 /* Debug */ = {
			isa = XCBuildConfiguration;
			baseConfigurationReference = A1DDF8E0A52AFE54C88EB3C4 /* Pods-iTravelTests.debug.xcconfig */;
			buildSettings = {
				ALWAYS_EMBED_SWIFT_STANDARD_LIBRARIES = YES;
				BUNDLE_LOADER = "$(TEST_HOST)";
				CODE_SIGN_STYLE = Automatic;
				DEVELOPMENT_TEAM = UQ4Q6JWV2B;
				INFOPLIST_FILE = iTravelTests/Info.plist;
				IPHONEOS_DEPLOYMENT_TARGET = 13.2;
				LD_RUNPATH_SEARCH_PATHS = (
					"$(inherited)",
					"@executable_path/Frameworks",
					"@loader_path/Frameworks",
				);
				PRODUCT_BUNDLE_IDENTIFIER = memo.com.iTravelTests;
				PRODUCT_NAME = "$(TARGET_NAME)";
				SWIFT_VERSION = 5.0;
				TARGETED_DEVICE_FAMILY = "1,2";
				TEST_HOST = "$(BUILT_PRODUCTS_DIR)/iTravel.app/iTravel";
			};
			name = Debug;
		};
		19D742FC263BCA9A00EA5D21 /* Release */ = {
			isa = XCBuildConfiguration;
			baseConfigurationReference = 4527FF27224F9BB0C96AAC70 /* Pods-iTravelTests.release.xcconfig */;
			buildSettings = {
				ALWAYS_EMBED_SWIFT_STANDARD_LIBRARIES = YES;
				BUNDLE_LOADER = "$(TEST_HOST)";
				CODE_SIGN_STYLE = Automatic;
				DEVELOPMENT_TEAM = UQ4Q6JWV2B;
				INFOPLIST_FILE = iTravelTests/Info.plist;
				IPHONEOS_DEPLOYMENT_TARGET = 13.2;
				LD_RUNPATH_SEARCH_PATHS = (
					"$(inherited)",
					"@executable_path/Frameworks",
					"@loader_path/Frameworks",
				);
				PRODUCT_BUNDLE_IDENTIFIER = memo.com.iTravelTests;
				PRODUCT_NAME = "$(TARGET_NAME)";
				SWIFT_VERSION = 5.0;
				TARGETED_DEVICE_FAMILY = "1,2";
				TEST_HOST = "$(BUILT_PRODUCTS_DIR)/iTravel.app/iTravel";
			};
			name = Release;
		};
		19D742FE263BCA9A00EA5D21 /* Debug */ = {
			isa = XCBuildConfiguration;
			baseConfigurationReference = 076B238423E290A7883464C3 /* Pods-iTravelUITests.debug.xcconfig */;
			buildSettings = {
				ALWAYS_EMBED_SWIFT_STANDARD_LIBRARIES = YES;
				CODE_SIGN_STYLE = Automatic;
				DEVELOPMENT_TEAM = UQ4Q6JWV2B;
				INFOPLIST_FILE = iTravelUITests/Info.plist;
				LD_RUNPATH_SEARCH_PATHS = (
					"$(inherited)",
					"@executable_path/Frameworks",
					"@loader_path/Frameworks",
				);
				PRODUCT_BUNDLE_IDENTIFIER = memo.com.iTravelUITests;
				PRODUCT_NAME = "$(TARGET_NAME)";
				SWIFT_VERSION = 5.0;
				TARGETED_DEVICE_FAMILY = "1,2";
				TEST_TARGET_NAME = iTravel;
			};
			name = Debug;
		};
		19D742FF263BCA9A00EA5D21 /* Release */ = {
			isa = XCBuildConfiguration;
			baseConfigurationReference = 649012447B0D0A146442214E /* Pods-iTravelUITests.release.xcconfig */;
			buildSettings = {
				ALWAYS_EMBED_SWIFT_STANDARD_LIBRARIES = YES;
				CODE_SIGN_STYLE = Automatic;
				DEVELOPMENT_TEAM = UQ4Q6JWV2B;
				INFOPLIST_FILE = iTravelUITests/Info.plist;
				LD_RUNPATH_SEARCH_PATHS = (
					"$(inherited)",
					"@executable_path/Frameworks",
					"@loader_path/Frameworks",
				);
				PRODUCT_BUNDLE_IDENTIFIER = memo.com.iTravelUITests;
				PRODUCT_NAME = "$(TARGET_NAME)";
				SWIFT_VERSION = 5.0;
				TARGETED_DEVICE_FAMILY = "1,2";
				TEST_TARGET_NAME = iTravel;
			};
			name = Release;
		};
/* End XCBuildConfiguration section */

/* Begin XCConfigurationList section */
		19D742C8263BCA9800EA5D21 /* Build configuration list for PBXProject "iTravel" */ = {
			isa = XCConfigurationList;
			buildConfigurations = (
				19D742F5263BCA9A00EA5D21 /* Debug */,
				19D742F6263BCA9A00EA5D21 /* Release */,
			);
			defaultConfigurationIsVisible = 0;
			defaultConfigurationName = Release;
		};
		19D742F7263BCA9A00EA5D21 /* Build configuration list for PBXNativeTarget "iTravel" */ = {
			isa = XCConfigurationList;
			buildConfigurations = (
				19D742F8263BCA9A00EA5D21 /* Debug */,
				19D742F9263BCA9A00EA5D21 /* Release */,
			);
			defaultConfigurationIsVisible = 0;
			defaultConfigurationName = Release;
		};
		19D742FA263BCA9A00EA5D21 /* Build configuration list for PBXNativeTarget "iTravelTests" */ = {
			isa = XCConfigurationList;
			buildConfigurations = (
				19D742FB263BCA9A00EA5D21 /* Debug */,
				19D742FC263BCA9A00EA5D21 /* Release */,
			);
			defaultConfigurationIsVisible = 0;
			defaultConfigurationName = Release;
		};
		19D742FD263BCA9A00EA5D21 /* Build configuration list for PBXNativeTarget "iTravelUITests" */ = {
			isa = XCConfigurationList;
			buildConfigurations = (
				19D742FE263BCA9A00EA5D21 /* Debug */,
				19D742FF263BCA9A00EA5D21 /* Release */,
			);
			defaultConfigurationIsVisible = 0;
			defaultConfigurationName = Release;
		};
/* End XCConfigurationList section */
	};
	rootObject = 19D742C5263BCA9800EA5D21 /* Project object */;
}
